
Microsoft Visual Studio Solution File, Format Version 12.00
# Visual Studio Version 17
VisualStudioVersion = 17.4.33213.308
MinimumVisualStudioVersion = 10.0.40219.1
Project("{FAE04EC0-301F-11D3-BF4B-00C04F79EFBC}") = "Tests", "Tests\Tests.csproj", "{5D1A66AC-DD9A-4F10-BFBC-BC1BEB47821E}"
EndProject
Global
	GlobalSection(SolutionConfigurationPlatforms) = preSolution
		Debug|Any CPU = Debug|Any CPU
		Release|Any CPU = Release|Any CPU
	EndGlobalSection
	GlobalSection(ProjectConfigurationPlatforms) = postSolution
		{5D1A66AC-DD9A-4F10-BFBC-BC1BEB47821E}.Debug|Any CPU.ActiveCfg = Debug|Any CPU
		{5D1A66AC-DD9A-4F10-BFBC-BC1BEB47821E}.Debug|Any CPU.Build.0 = Debug|Any CPU
		{5D1A66AC-DD9A-4F10-BFBC-BC1BEB47821E}.Release|Any CPU.ActiveCfg = Release|Any CPU
		{5D1A66AC-DD9A-4F10-BFBC-BC1BEB47821E}.Release|Any CPU.Build.0 = Release|Any CPU
	EndGlobalSection
	GlobalSection(SolutionProperties) = preSolution
		HideSolutionNode = FALSE
	EndGlobalSection
	GlobalSection(ExtensibilityGlobals) = postSolution
		SolutionGuid = {B6E3D9A7-26DC-430F-AB2E-CE733CB61177}
	EndGlobalSection
EndGlobal
